
Microsoft Visual Studio Solution File, Format Version 12.00
# Visual Studio Version 17
VisualStudioVersion = 17.4.33205.214
MinimumVisualStudioVersion = 10.0.40219.1
Project("{FAE04EC0-301F-11D3-BF4B-00C04F79EFBC}") = "CabInvoiceGeneratorApp", "CabInvoiceGeneratorApp\CabInvoiceGeneratorApp.csproj", "{076FE203-FF4F-42A0-9282-34B077F96156}"
EndProject
Project("{FAE04EC0-301F-11D3-BF4B-00C04F79EFBC}") = "CabInvoiceGeneratorAppTestCase", "CabInvoiceGeneratorAppTestCase\CabInvoiceGeneratorAppTestCase.csproj", "{70B7E124-058F-4EA2-927B-AA1DF123BF85}"
EndProject
Global
	GlobalSection(SolutionConfigurationPlatforms) = preSolution
		Debug|Any CPU = Debug|Any CPU
		Release|Any CPU = Release|Any CPU
	EndGlobalSection
	GlobalSection(ProjectConfigurationPlatforms) = postSolution
		{076FE203-FF4F-42A0-9282-34B077F96156}.Debug|Any CPU.ActiveCfg = Debug|Any CPU
		{076FE203-FF4F-42A0-9282-34B077F96156}.Debug|Any CPU.Build.0 = Debug|Any CPU
		{076FE203-FF4F-42A0-9282-34B077F96156}.Release|Any CPU.ActiveCfg = Release|Any CPU
		{076FE203-FF4F-42A0-9282-34B077F96156}.Release|Any CPU.Build.0 = Release|Any CPU
		{70B7E124-058F-4EA2-927B-AA1DF123BF85}.Debug|Any CPU.ActiveCfg = Debug|Any CPU
		{70B7E124-058F-4EA2-927B-AA1DF123BF85}.Debug|Any CPU.Build.0 = Debug|Any CPU
		{70B7E124-058F-4EA2-927B-AA1DF123BF85}.Release|Any CPU.ActiveCfg = Release|Any CPU
		{70B7E124-058F-4EA2-927B-AA1DF123BF85}.Release|Any CPU.Build.0 = Release|Any CPU
	EndGlobalSection
	GlobalSection(SolutionProperties) = preSolution
		HideSolutionNode = FALSE
	EndGlobalSection
	GlobalSection(ExtensibilityGlobals) = postSolution
		SolutionGuid = {15DCADAA-2DB5-49A0-B4E8-BE7220BB2C99}
	EndGlobalSection
EndGlobal
